
Microsoft Visual Studio Solution File, Format Version 12.00
# Visual Studio Version 16
VisualStudioVersion = 16.0.29920.165
MinimumVisualStudioVersion = 10.0.40219.1
Project("{FAE04EC0-301F-11D3-BF4B-00C04F79EFBC}") = "DatabaseScriptGenerator", "DatabaseScriptGenerator\DatabaseScriptGenerator.csproj", "{66E94349-FC34-4BD7-89FB-548F00C9AF87}"
EndProject
Project("{FAE04EC0-301F-11D3-BF4B-00C04F79EFBC}") = "DatabaseScriptGeneratorConsole", "DatabaseScriptGeneratorConsole\DatabaseScriptGeneratorConsole.csproj", "{7D4D002B-F059-46EE-81DA-86E817ED9F7E}"
EndProject
Project("{FAE04EC0-301F-11D3-BF4B-00C04F79EFBC}") = "DatabaseMetadataProvider", "DatabaseMetadataProvider\DatabaseMetadataProvider.csproj", "{D55B5FD6-5EB8-4070-8DF3-3B1FDC273ABE}"
EndProject
Project("{2150E333-8FDC-42A3-9474-1A3956D46DE8}") = "Solution Items", "Solution Items", "{6BFABBF2-E39C-4B2F-8DB9-2CF49A95922C}"
	ProjectSection(SolutionItems) = preProject
		.gitattributes = .gitattributes
		.gitignore = .gitignore
		README.md = README.md
	EndProjectSection
EndProject
Global
	GlobalSection(SolutionConfigurationPlatforms) = preSolution
		Debug|Any CPU = Debug|Any CPU
		Release|Any CPU = Release|Any CPU
	EndGlobalSection
	GlobalSection(ProjectConfigurationPlatforms) = postSolution
		{66E94349-FC34-4BD7-89FB-548F00C9AF87}.Debug|Any CPU.ActiveCfg = Debug|Any CPU
		{66E94349-FC34-4BD7-89FB-548F00C9AF87}.Debug|Any CPU.Build.0 = Debug|Any CPU
		{66E94349-FC34-4BD7-89FB-548F00C9AF87}.Release|Any CPU.ActiveCfg = Release|Any CPU
		{66E94349-FC34-4BD7-89FB-548F00C9AF87}.Release|Any CPU.Build.0 = Release|Any CPU
		{7D4D002B-F059-46EE-81DA-86E817ED9F7E}.Debug|Any CPU.ActiveCfg = Debug|Any CPU
		{7D4D002B-F059-46EE-81DA-86E817ED9F7E}.Debug|Any CPU.Build.0 = Debug|Any CPU
		{7D4D002B-F059-46EE-81DA-86E817ED9F7E}.Release|Any CPU.ActiveCfg = Release|Any CPU
		{7D4D002B-F059-46EE-81DA-86E817ED9F7E}.Release|Any CPU.Build.0 = Release|Any CPU
		{D55B5FD6-5EB8-4070-8DF3-3B1FDC273ABE}.Debug|Any CPU.ActiveCfg = Debug|Any CPU
		{D55B5FD6-5EB8-4070-8DF3-3B1FDC273ABE}.Debug|Any CPU.Build.0 = Debug|Any CPU
		{D55B5FD6-5EB8-4070-8DF3-3B1FDC273ABE}.Release|Any CPU.ActiveCfg = Release|Any CPU
		{D55B5FD6-5EB8-4070-8DF3-3B1FDC273ABE}.Release|Any CPU.Build.0 = Release|Any CPU
	EndGlobalSection
	GlobalSection(SolutionProperties) = preSolution
		HideSolutionNode = FALSE
	EndGlobalSection
	GlobalSection(ExtensibilityGlobals) = postSolution
		SolutionGuid = {AB16AC93-8938-45F7-B1F4-7AB550157552}
	EndGlobalSection
EndGlobal
