
Microsoft Visual Studio Solution File, Format Version 12.00
# Visual Studio 15
VisualStudioVersion = 15.0.28307.271
MinimumVisualStudioVersion = 10.0.40219.1
Project("{FAE04EC0-301F-11D3-BF4B-00C04F79EFBC}") = "DatabaseScriptGenerator", "DatabaseScriptGenerator\DatabaseScriptGenerator.csproj", "{621CBF63-C8AA-471D-9DF0-0F8DB6C71E57}"
EndProject
Global
	GlobalSection(SolutionConfigurationPlatforms) = preSolution
		Debug|Any CPU = Debug|Any CPU
		Release|Any CPU = Release|Any CPU
	EndGlobalSection
	GlobalSection(ProjectConfigurationPlatforms) = postSolution
		{621CBF63-C8AA-471D-9DF0-0F8DB6C71E57}.Debug|Any CPU.ActiveCfg = Debug|Any CPU
		{621CBF63-C8AA-471D-9DF0-0F8DB6C71E57}.Debug|Any CPU.Build.0 = Debug|Any CPU
		{621CBF63-C8AA-471D-9DF0-0F8DB6C71E57}.Release|Any CPU.ActiveCfg = Release|Any CPU
		{621CBF63-C8AA-471D-9DF0-0F8DB6C71E57}.Release|Any CPU.Build.0 = Release|Any CPU
	EndGlobalSection
	GlobalSection(SolutionProperties) = preSolution
		HideSolutionNode = FALSE
	EndGlobalSection
	GlobalSection(ExtensibilityGlobals) = postSolution
		SolutionGuid = {AB16AC93-8938-45F7-B1F4-7AB550157552}
	EndGlobalSection
EndGlobal
